PODS:
  - youtube-ios-player-helper (0.1.6)

DEPENDENCIES:
  - youtube-ios-player-helper (~> 0.1)

SPEC REPOS:
  trunk:
    - youtube-ios-player-helper

SPEC CHECKSUMS:
  youtube-ios-player-helper: 21ab92db027c7ff86cb17a3843a3f6eafc8158d2

PODFILE CHECKSUM: 10d96abe112cb18286ef58ad58d37f7b2a607e5e

COCOAPODS: 1.9.1
